
Microsoft Visual Studio Solution File, Format Version 12.00
# Visual Studio Version 17
VisualStudioVersion = 17.7.34221.43
MinimumVisualStudioVersion = 10.0.40219.1
Project("{9A19103F-16F7-4668-BE54-9A1E7A4F7556}") = "CitiesManager.WebAPI", "CitiesManager.WebAPI\CitiesManager.WebAPI.csproj", "{4BA3B799-6F76-49CD-ADE5-FC79B333EB01}"
EndProject
Project("{FAE04EC0-301F-11D3-BF4B-00C04F79EFBC}") = "CitiesManager.Core", "CitiesManager.Core\CitiesManager.Core.csproj", "{89B89319-E8FF-4D7F-AFD9-C45456DE4D29}"
EndProject
Project("{FAE04EC0-301F-11D3-BF4B-00C04F79EFBC}") = "CitiesManager.Infrastructure", "CitiesManager.Infrastructure\CitiesManager.Infrastructure.csproj", "{17D70633-04F3-4B3F-B90B-540582A5BF95}"
EndProject
Global
	GlobalSection(SolutionConfigurationPlatforms) = preSolution
		Debug|Any CPU = Debug|Any CPU
		Release|Any CPU = Release|Any CPU
	EndGlobalSection
	GlobalSection(ProjectConfigurationPlatforms) = postSolution
		{4BA3B799-6F76-49CD-ADE5-FC79B333EB01}.Debug|Any CPU.ActiveCfg = Debug|Any CPU
		{4BA3B799-6F76-49CD-ADE5-FC79B333EB01}.Debug|Any CPU.Build.0 = Debug|Any CPU
		{4BA3B799-6F76-49CD-ADE5-FC79B333EB01}.Release|Any CPU.ActiveCfg = Release|Any CPU
		{4BA3B799-6F76-49CD-ADE5-FC79B333EB01}.Release|Any CPU.Build.0 = Release|Any CPU
		{89B89319-E8FF-4D7F-AFD9-C45456DE4D29}.Debug|Any CPU.ActiveCfg = Debug|Any CPU
		{89B89319-E8FF-4D7F-AFD9-C45456DE4D29}.Debug|Any CPU.Build.0 = Debug|Any CPU
		{89B89319-E8FF-4D7F-AFD9-C45456DE4D29}.Release|Any CPU.ActiveCfg = Release|Any CPU
		{89B89319-E8FF-4D7F-AFD9-C45456DE4D29}.Release|Any CPU.Build.0 = Release|Any CPU
		{17D70633-04F3-4B3F-B90B-540582A5BF95}.Debug|Any CPU.ActiveCfg = Debug|Any CPU
		{17D70633-04F3-4B3F-B90B-540582A5BF95}.Debug|Any CPU.Build.0 = Debug|Any CPU
		{17D70633-04F3-4B3F-B90B-540582A5BF95}.Release|Any CPU.ActiveCfg = Release|Any CPU
		{17D70633-04F3-4B3F-B90B-540582A5BF95}.Release|Any CPU.Build.0 = Release|Any CPU
	EndGlobalSection
	GlobalSection(SolutionProperties) = preSolution
		HideSolutionNode = FALSE
	EndGlobalSection
	GlobalSection(ExtensibilityGlobals) = postSolution
		SolutionGuid = {27C96529-5FD0-4645-8BCB-3A550FD4A0C8}
	EndGlobalSection
EndGlobal
